{
  "version": 4,
  "terraform_version": "1.6.1",
  "serial": 36,
  "lineage": "dd62fc19-9530-bd4d-1783-ee4ccae3ded3",
  "outputs": {},
  "resources": [
    {
      "module": "module.aws_key_pair",
      "mode": "managed",
      "type": "aws_key_pair",
      "name": "TF_key",
      "provider": "provider[\"registry.terraform.io/hashicorp/aws\"]",
      "instances": [
        {
          "schema_version": 1,
          "attributes": {
            "arn": "arn:aws:ec2:ap-south-1:055953482837:key-pair/my-terraform-key",
            "fingerprint": "51:ab:dd:39:57:17:ec:d8:d9:3c:e8:38:a6:62:f2:dd",
            "id": "my-terraform-key",
            "key_name": "my-terraform-key",
            "key_name_prefix": "",
            "key_pair_id": "key-06a772b9b9f2bb995",
            "key_type": "rsa",
            "public_key": "ssh-rsa AAAAB3NzaC1yc2EAAAADAQABAAACAQCofsIHwxMsxMesX7L643n+Eyb6iwYLz5mdqahA2an5o1ZvW+7olSIBNEMkrsVF+A7tQKBVPXe/hE1VmyZU1GrW8/Rfqyhk0jKePs8HSnwqTv6IKu0vsHVWgXd905PpKin9c7zoL3aoo4Hj5PQR4q+iYktodtJtkWDadblnYRSup/6LTO4QLZie6nZBUqCeyFftJKEejBvWFNZyo0/NQnNazHyEtKKaTHC+0DoRQA5Q+ZwVzyResqD5HVeQTDyANvJw/s8qjiqzL8M0v7k1bhZiE5oRGBWa5Xt8RkrgfXDpX0FHATmAUTLdbrFBVl6G7KmycYTjGQgMXfWwCgsOdv2VIeQbQKgd5LyUzm28h4u3GrrASD0QY/GoOWS0AgzQ8CWevDC7XVlqeruM+yOIig0aSSZyc9x4U1GqxT0pQcKtc7j5vt/AU6M8xheB9jxOfbmfLVEYbBXiK6N7ZOTsGMQA7vItG57h8k0Gnhs/Jy5jZ/aBhfEdLNAn7PtVAcZEfrMgxhuEkTK2hBItUXQAyT33ris15zMoJJZd37HM2BWs6ppXa3kPwchuVALSkVAyLXouEQCPuyU6y8Ysh0Dfq9tSZ/kR7BDuSxK38hLeBpSACoZaCxr7TSRP56tpIdLgcg7kRk4aaikdxoIYbSwsPPJCPGN9HVxzzFA4uVGuP4RNPw==",
            "tags": null,
            "tags_all": {}
          },
          "sensitive_attributes": [],
          "private": "eyJzY2hlbWFfdmVyc2lvbiI6IjEifQ==",
          "dependencies": [
            "module.aws_key_pair.tls_private_key.rsa"
          ]
        }
      ]
    },
    {
      "module": "module.aws_key_pair",
      "mode": "managed",
      "type": "local_file",
      "name": "TF-key",
      "provider": "provider[\"registry.terraform.io/hashicorp/local\"]",
      "instances": [
        {
          "schema_version": 0,
          "attributes": {
            "content": "-----BEGIN RSA PRIVATE KEY-----\nMIIJKAIBAAKCAgEAqH7CB8MTLMTHrF+y+uN5/hMm+osGC8+ZnamoQNmp+aNWb1vu\n6JUiATRDJK7FRfgO7UCgVT13v4RNVZsmVNRq1vP0X6soZNIynj7PB0p8Kk7+iCrt\nL7B1VoF3fdOT6Sop/XO86C92qKOB4+T0EeKvomJLaHbSbZFg2nW5Z2EUrqf+i0zu\nEC2Ynup2QVKgnshX7SShHowb1hTWcqNPzUJzWsx8hLSimkxwvtA6EUAOUPmcFc8k\nXrKg+R1XkEw8gDbycP7PKo4qsy/DNL+5NW4WYhOaERgVmuV7fEZK4H1w6V9BRwE5\ngFEy3W6xQVZehuypsnGE4xkIDF31sAoLDnb9lSHkG0CoHeS8lM5tvIeLtxq6wEg9\nEGPxqDlktAIM0PAlnrwwu11Zanq7jPsjiIoNGkkmcnPceFNRqsU9KUHCrXO4+b7f\nwFOjPMYXgfY8Tn25ny1RGGwV4iuje2Tk7BjEAO7yLRue4fJNBp4bPycuY2f2gYXx\nHSzQJ+z7VQHGRH6zIMYbhJEytoQSLVF0AMk9964rNeczKCSWXd+xzNgVrOqaV2t5\nD8HIblQC0pFQMi16LhEAj7slOsvGLIdA36vbUmf5EewQ7ksSt/IS3gaUgAqGWgsa\n+00kT+eraSHS4HIO5EZOGmopHcaCGG0sLDzyQjxjfR1cc8xQOLlRrj+ETT8CAwEA\nAQKCAgB1dVfhfVXCobLoMRZd23HRcpx7j6q5VRErXXfTLWlWg0zf+GCFdmDsIfik\ne8k9y3zsW17pzR3LPnmCsdN401NfYVT71B8mmXl74yEDXiNMgyDg37vUwNgrY7le\n172Gj0QSUTphSaUYTlNgAN08EqCJPKiAvERY6T1xTRvgO0blsmq5xPk4AfEg5yVk\nyCr8RYE16ZD/8H//LyuHYt1go3Ay3dX31Mx9b8gw3It+Nv9D552tfmdGNJQO1SuT\nhfGvF57OsnLMoaqWmzcjcHu2CXZFDJEcVYPKJSt+KKpN8GRj62lgDDR/hRtGTcH3\nYDQpLpXltUkD3xFDPcTl4Tpv7Pc8e3cqFPY3Y8DstmoYTVXLVDe3ILw/Z+3N9Nrf\nH/QSZoFKwvd+nBQuJM/8JkCPE4ZsWT/XSj/1Q1XP9YPmvDj6PKXp19AkXEw3hcnF\nyQyCg7CvUHyVIjMgDNSPWD9AuFuJys+mSNZLn4Hv69noxJT2sVTYtTz56KHcDc6A\n3eoeB4wkpOsGOqfx3Y9TZPyQg+r+kPOQ2iHIBwjUzwN0GfgcU2IqzX9CwkviT1KU\nY6aAWt4iSH0bjjFRtUQl517K1EA8zNFY5dMFylTcppYUyPA48d0Ig8CNiYaah/to\nn3og814SO69WvQThdG9EHNPQTSd5dxPmAdrIgzevkJxCvmVmUQKCAQEAzFbRhV9M\nZPpipH4t15ZvIcUgH7GLxGSC1geaMil7E6CE0dXFt63R8i5stZVsnyIiHemGHoSi\nnuk5+Jd7B8OGxHAITiVb6PpjidS7yOC2ebOFUUyBOOmE0PkemUrKALdZnDIPgnBq\ndTwnOvdJtgmSvEXNQNhVgcitSpmqQHlS974nMaQUmCKdP32aF0vmghqZOSNeqD/u\n96OmJhT1MN48sz0SgXYg3cRA5kWfo2PsoLUFWzYrFizTo4FqCnN7KfpLna5zT2ZA\nz/BrdZ257T4f8EllH3xUBYEtTpB38m6PoM0TW2HPGHbwpVbrtiyesHAOvpYhBXGg\niaG2y9N2q5UhWwKCAQEA0xgOCBKbwxDPWyEzODNGMMZ+MAjjpVardtYxHixHg2dz\nqLy+ECpVdE+SevDkBzfZhQ98u/VAB2OowmejOHxAZUBHBJ1o/3CI5JIN61vGi7jN\nGLn6G6BGzlnrClirBb8/GMe1MRxU05u6zxvooTNdpBsRqCU8UsDk2CNXawBsPrdQ\nNB9VUDq8+GlPnS5tGCwyg9tOOGySNckbcfn6G0Y9tZ5vvNjfQm5e979aL5ztMqzE\nK1I1sPfSHO2QLqnmLUtXQAT+E8khChBFw90zb4B7AoY8m1PIrRIHBpYMAnKln4PW\nn5TJwPXoiSdcem+3gJAx8/XgwFSmd2MDY3grQf0E7QKCAQEAtpHfc/XYsOQR3Hys\ngtHzC04wTID6qwdO6uIyAB2VzMx/v2fr1xgj2+lk0bznJyt9JhKu9Xd2QNuLIzRd\nBWvKbprWoNO6UefdpZmACpPUFdqzBBeB4ZKrS3c5wqbS417uXqNPvjCovYR4XLPz\nlQTqqPMI16Yyh9oAEwZG2oJMAfRQ2oaKq/9JVh/n3GbBVn9jZWzXtyYgYfxCiAXz\nqKz3uQGZFjiwVtRxVAzi/D5cfp4eYgd86bw1gAIx95KEedYbV5A1kLyArglWSekZ\n5QG70ZoSEtanz59CFs73jJECHR7964jxWx9yFZga1FL7mhMU6W4DpPSIBlCJnYWb\nouSEvwKCAQA2zhz+fY5RI7EiMMlyguVrTm1+nSA1Uf4sWUnhUo+yjw5ZNb+GxObw\nzqPyJU6ejSJ9SFsTFYZtJLOw3WVkCeZSI1EM4q1a/GWeKklQ3L/8kJs3GznTKFaZ\nxoCebAzi7hc8oMTrHjbrxZfHo7BPAd4C+EAqTpiNx6TidLKChlaUJdW94pCsxsM/\nH2BbJ62NRBRNZYe2YIHJUxA8FDGaGS92Us8h0ZCNV8hyPAz3JZ/zsyUvNiXYb07u\n0cLISrYG9nONnH42ttZMHZNvWaO8BDhrnFxp22PTg0WtsREnJYrYkksLnX6QCYg4\n6643339d8pH1i9WxOYkKn/tGPPHGLSG1AoIBADfVTIXK8DEHe4pr/LLKV0uKtYWo\nQm3gEdPIOzoOVLY7361cdaXXuDoaYTiniqS0kGKJ/ApHKk+Yxflme58zPfWgL0s9\nsQaooDNsvPJUj+ybIJ3asEK/snBrw1en/keY00E3QL6t78szKaT1hcNIGePbFXcI\nacDXt6vBjf5KJR/6ya8/uw9hFlgHckvclp4Hmi6Ao07qSvmy3FDKjdlygGgIc4Ki\nb0JWbIIYZfxv7qoSX4ID/SRhb/CRX0CNb0N4e4SwcVrnC3Dwow3vnqB2uUx1cW9R\nEKekAQrUpjOL5i02axAuIPMeEAqZjVlhfQCuP5sKLyLADYuFYLVKe5dyO5o=\n-----END RSA PRIVATE KEY-----\n",
            "content_base64": null,
            "content_base64sha256": "RR4xaj4FEyrmddUkwCC1paWrOfCwySPadCVFkPqa6ME=",
            "content_base64sha512": "GczsgPo9sI8lPBPrDe8rjDNvEyYSRdmSzJ7iJpCJ/gHCMDapCaDNJgj1bbpp5aoHdgqw86Z/YCyZeon6jGlM8Q==",
            "content_md5": "5172df8e14a49ab4df55ccaa1cc3f366",
            "content_sha1": "1bbc4c5800929dd633c92cd207f926dfe0fd1a1b",
            "content_sha256": "451e316a3e05132ae675d524c020b5a5a5ab39f0b0c923da74254590fa9ae8c1",
            "content_sha512": "19ccec80fa3db08f253c13eb0def2b8c336f13261245d992cc9ee2269089fe01c23036a909a0cd2608f56dba69e5aa07760ab0f3a67f602c997a89fa8c694cf1",
            "directory_permission": "0777",
            "file_permission": "0777",
            "filename": "my-terraform-key",
            "id": "1bbc4c5800929dd633c92cd207f926dfe0fd1a1b",
            "sensitive_content": null,
            "source": null
          },
          "sensitive_attributes": [
            [
              {
                "type": "get_attr",
                "value": "content"
              }
            ]
          ],
          "dependencies": [
            "module.aws_key_pair.tls_private_key.rsa"
          ]
        }
      ]
    },
    {
      "module": "module.aws_key_pair",
      "mode": "managed",
      "type": "tls_private_key",
      "name": "rsa",
      "provider": "provider[\"registry.terraform.io/hashicorp/tls\"]",
      "instances": [
        {
          "schema_version": 1,
          "attributes": {
            "algorithm": "RSA",
            "ecdsa_curve": "P224",
            "id": "b26e49b9dc5d955f94312c706ccad59f3293fbbb",
            "private_key_openssh": "-----BEGIN OPENSSH PRIVATE KEY-----\nb3BlbnNzaC1rZXktdjEAAAAABG5vbmUAAAAEbm9uZQAAAAAAAAABAAACFwAAAAdz\nc2gtcnNhAAAAAwEAAQAAAgEAqH7CB8MTLMTHrF+y+uN5/hMm+osGC8+ZnamoQNmp\n+aNWb1vu6JUiATRDJK7FRfgO7UCgVT13v4RNVZsmVNRq1vP0X6soZNIynj7PB0p8\nKk7+iCrtL7B1VoF3fdOT6Sop/XO86C92qKOB4+T0EeKvomJLaHbSbZFg2nW5Z2EU\nrqf+i0zuEC2Ynup2QVKgnshX7SShHowb1hTWcqNPzUJzWsx8hLSimkxwvtA6EUAO\nUPmcFc8kXrKg+R1XkEw8gDbycP7PKo4qsy/DNL+5NW4WYhOaERgVmuV7fEZK4H1w\n6V9BRwE5gFEy3W6xQVZehuypsnGE4xkIDF31sAoLDnb9lSHkG0CoHeS8lM5tvIeL\ntxq6wEg9EGPxqDlktAIM0PAlnrwwu11Zanq7jPsjiIoNGkkmcnPceFNRqsU9KUHC\nrXO4+b7fwFOjPMYXgfY8Tn25ny1RGGwV4iuje2Tk7BjEAO7yLRue4fJNBp4bPycu\nY2f2gYXxHSzQJ+z7VQHGRH6zIMYbhJEytoQSLVF0AMk9964rNeczKCSWXd+xzNgV\nrOqaV2t5D8HIblQC0pFQMi16LhEAj7slOsvGLIdA36vbUmf5EewQ7ksSt/IS3gaU\ngAqGWgsa+00kT+eraSHS4HIO5EZOGmopHcaCGG0sLDzyQjxjfR1cc8xQOLlRrj+E\nTT8AAAc4twSH27cEh9sAAAAHc3NoLXJzYQAAAgEAqH7CB8MTLMTHrF+y+uN5/hMm\n+osGC8+ZnamoQNmp+aNWb1vu6JUiATRDJK7FRfgO7UCgVT13v4RNVZsmVNRq1vP0\nX6soZNIynj7PB0p8Kk7+iCrtL7B1VoF3fdOT6Sop/XO86C92qKOB4+T0EeKvomJL\naHbSbZFg2nW5Z2EUrqf+i0zuEC2Ynup2QVKgnshX7SShHowb1hTWcqNPzUJzWsx8\nhLSimkxwvtA6EUAOUPmcFc8kXrKg+R1XkEw8gDbycP7PKo4qsy/DNL+5NW4WYhOa\nERgVmuV7fEZK4H1w6V9BRwE5gFEy3W6xQVZehuypsnGE4xkIDF31sAoLDnb9lSHk\nG0CoHeS8lM5tvIeLtxq6wEg9EGPxqDlktAIM0PAlnrwwu11Zanq7jPsjiIoNGkkm\ncnPceFNRqsU9KUHCrXO4+b7fwFOjPMYXgfY8Tn25ny1RGGwV4iuje2Tk7BjEAO7y\nLRue4fJNBp4bPycuY2f2gYXxHSzQJ+z7VQHGRH6zIMYbhJEytoQSLVF0AMk9964r\nNeczKCSWXd+xzNgVrOqaV2t5D8HIblQC0pFQMi16LhEAj7slOsvGLIdA36vbUmf5\nEewQ7ksSt/IS3gaUgAqGWgsa+00kT+eraSHS4HIO5EZOGmopHcaCGG0sLDzyQjxj\nfR1cc8xQOLlRrj+ETT8AAAADAQABAAACAHV1V+F9VcKhsugxFl3bcdFynHuPqrlV\nEStdd9MtaVaDTN/4YIV2YOwh+KR7yT3LfOxbXunNHcs+eYKx03jTU19hVPvUHyaZ\neXvjIQNeI0yDIODfu9TA2CtjuV7XvYaPRBJROmFJpRhOU2AA3TwSoIk8qIC8RFjp\nPXFNG+A7RuWyarnE+TgB8SDnJWTIKvxFgTXpkP/wf/8vK4di3WCjcDLd1ffUzH1v\nyDDci342/0Pnna1+Z0Y0lA7VK5OF8a8Xns6ycsyhqpabNyNwe7YJdkUMkRxVg8ol\nK34oqk3wZGPraWAMNH+FG0ZNwfdgNCkuleW1SQPfEUM9xOXhOm/s9zx7dyoU9jdj\nwOy2ahhNVctUN7cgvD9n7c302t8f9BJmgUrC936cFC4kz/wmQI8ThmxZP9dKP/VD\nVc/1g+a8OPo8penX0CRcTDeFycXJDIKDsK9QfJUiMyAM1I9YP0C4W4nKz6ZI1kuf\nge/r2ejElPaxVNi1PPnoodwNzoDd6h4HjCSk6wY6p/Hdj1Nk/JCD6v6Q85DaIcgH\nCNTPA3QZ+BxTYirNf0LCS+JPUpRjpoBa3iJIfRuOMVG1RCXnXsrUQDzM0Vjl0wXK\nVNymlhTI8Djx3QiDwI2JhpqH+2ifeiDzXhI7r1a9BOF0b0Qc09BNJ3l3E+YB2siD\nN6+QnEK+ZWZRAAABADfVTIXK8DEHe4pr/LLKV0uKtYWoQm3gEdPIOzoOVLY7361c\ndaXXuDoaYTiniqS0kGKJ/ApHKk+Yxflme58zPfWgL0s9sQaooDNsvPJUj+ybIJ3a\nsEK/snBrw1en/keY00E3QL6t78szKaT1hcNIGePbFXcIacDXt6vBjf5KJR/6ya8/\nuw9hFlgHckvclp4Hmi6Ao07qSvmy3FDKjdlygGgIc4Kib0JWbIIYZfxv7qoSX4ID\n/SRhb/CRX0CNb0N4e4SwcVrnC3Dwow3vnqB2uUx1cW9REKekAQrUpjOL5i02axAu\nIPMeEAqZjVlhfQCuP5sKLyLADYuFYLVKe5dyO5oAAAEBAMxW0YVfTGT6YqR+LdeW\nbyHFIB+xi8RkgtYHmjIpexOghNHVxbet0fIubLWVbJ8iIh3phh6Eop7pOfiXewfD\nhsRwCE4lW+j6Y4nUu8jgtnmzhVFMgTjphND5HplKygC3WZwyD4JwanU8Jzr3SbYJ\nkrxFzUDYVYHIrUqZqkB5Uve+JzGkFJginT99mhdL5oIamTkjXqg/7vejpiYU9TDe\nPLM9EoF2IN3EQOZFn6Nj7KC1BVs2KxYs06OBagpzeyn6S52uc09mQM/wa3Wdue0+\nH/BJZR98VAWBLU6Qd/Juj6DNE1thzxh28KVW67YsnrBwDr6WIQVxoImhtsvTdquV\nIVsAAAEBANMYDggSm8MQz1shMzgzRjDGfjAI46VWq3bWMR4sR4Nnc6i8vhAqVXRP\nknrw5Ac32YUPfLv1QAdjqMJnozh8QGVARwSdaP9wiOSSDetbxou4zRi5+hugRs5Z\n6wpYqwW/PxjHtTEcVNObus8b6KEzXaQbEaglPFLA5NgjV2sAbD63UDQfVVA6vPhp\nT50ubRgsMoPbTjhskjXJG3H5+htGPbWeb7zY30JuXve/Wi+c7TKsxCtSNbD30hzt\nkC6p5i1LV0AE/hPJIQoQRcPdM2+AewKGPJtTyK0SBwaWDAJypZ+D1p+UycD16Ikn\nXHpvt4CQMfP14MBUpndjA2N4K0H9BO0AAAAAAQID\n-----END OPENSSH PRIVATE KEY-----\n",
            "private_key_pem": "-----BEGIN RSA PRIVATE KEY-----\nMIIJKAIBAAKCAgEAqH7CB8MTLMTHrF+y+uN5/hMm+osGC8+ZnamoQNmp+aNWb1vu\n6JUiATRDJK7FRfgO7UCgVT13v4RNVZsmVNRq1vP0X6soZNIynj7PB0p8Kk7+iCrt\nL7B1VoF3fdOT6Sop/XO86C92qKOB4+T0EeKvomJLaHbSbZFg2nW5Z2EUrqf+i0zu\nEC2Ynup2QVKgnshX7SShHowb1hTWcqNPzUJzWsx8hLSimkxwvtA6EUAOUPmcFc8k\nXrKg+R1XkEw8gDbycP7PKo4qsy/DNL+5NW4WYhOaERgVmuV7fEZK4H1w6V9BRwE5\ngFEy3W6xQVZehuypsnGE4xkIDF31sAoLDnb9lSHkG0CoHeS8lM5tvIeLtxq6wEg9\nEGPxqDlktAIM0PAlnrwwu11Zanq7jPsjiIoNGkkmcnPceFNRqsU9KUHCrXO4+b7f\nwFOjPMYXgfY8Tn25ny1RGGwV4iuje2Tk7BjEAO7yLRue4fJNBp4bPycuY2f2gYXx\nHSzQJ+z7VQHGRH6zIMYbhJEytoQSLVF0AMk9964rNeczKCSWXd+xzNgVrOqaV2t5\nD8HIblQC0pFQMi16LhEAj7slOsvGLIdA36vbUmf5EewQ7ksSt/IS3gaUgAqGWgsa\n+00kT+eraSHS4HIO5EZOGmopHcaCGG0sLDzyQjxjfR1cc8xQOLlRrj+ETT8CAwEA\nAQKCAgB1dVfhfVXCobLoMRZd23HRcpx7j6q5VRErXXfTLWlWg0zf+GCFdmDsIfik\ne8k9y3zsW17pzR3LPnmCsdN401NfYVT71B8mmXl74yEDXiNMgyDg37vUwNgrY7le\n172Gj0QSUTphSaUYTlNgAN08EqCJPKiAvERY6T1xTRvgO0blsmq5xPk4AfEg5yVk\nyCr8RYE16ZD/8H//LyuHYt1go3Ay3dX31Mx9b8gw3It+Nv9D552tfmdGNJQO1SuT\nhfGvF57OsnLMoaqWmzcjcHu2CXZFDJEcVYPKJSt+KKpN8GRj62lgDDR/hRtGTcH3\nYDQpLpXltUkD3xFDPcTl4Tpv7Pc8e3cqFPY3Y8DstmoYTVXLVDe3ILw/Z+3N9Nrf\nH/QSZoFKwvd+nBQuJM/8JkCPE4ZsWT/XSj/1Q1XP9YPmvDj6PKXp19AkXEw3hcnF\nyQyCg7CvUHyVIjMgDNSPWD9AuFuJys+mSNZLn4Hv69noxJT2sVTYtTz56KHcDc6A\n3eoeB4wkpOsGOqfx3Y9TZPyQg+r+kPOQ2iHIBwjUzwN0GfgcU2IqzX9CwkviT1KU\nY6aAWt4iSH0bjjFRtUQl517K1EA8zNFY5dMFylTcppYUyPA48d0Ig8CNiYaah/to\nn3og814SO69WvQThdG9EHNPQTSd5dxPmAdrIgzevkJxCvmVmUQKCAQEAzFbRhV9M\nZPpipH4t15ZvIcUgH7GLxGSC1geaMil7E6CE0dXFt63R8i5stZVsnyIiHemGHoSi\nnuk5+Jd7B8OGxHAITiVb6PpjidS7yOC2ebOFUUyBOOmE0PkemUrKALdZnDIPgnBq\ndTwnOvdJtgmSvEXNQNhVgcitSpmqQHlS974nMaQUmCKdP32aF0vmghqZOSNeqD/u\n96OmJhT1MN48sz0SgXYg3cRA5kWfo2PsoLUFWzYrFizTo4FqCnN7KfpLna5zT2ZA\nz/BrdZ257T4f8EllH3xUBYEtTpB38m6PoM0TW2HPGHbwpVbrtiyesHAOvpYhBXGg\niaG2y9N2q5UhWwKCAQEA0xgOCBKbwxDPWyEzODNGMMZ+MAjjpVardtYxHixHg2dz\nqLy+ECpVdE+SevDkBzfZhQ98u/VAB2OowmejOHxAZUBHBJ1o/3CI5JIN61vGi7jN\nGLn6G6BGzlnrClirBb8/GMe1MRxU05u6zxvooTNdpBsRqCU8UsDk2CNXawBsPrdQ\nNB9VUDq8+GlPnS5tGCwyg9tOOGySNckbcfn6G0Y9tZ5vvNjfQm5e979aL5ztMqzE\nK1I1sPfSHO2QLqnmLUtXQAT+E8khChBFw90zb4B7AoY8m1PIrRIHBpYMAnKln4PW\nn5TJwPXoiSdcem+3gJAx8/XgwFSmd2MDY3grQf0E7QKCAQEAtpHfc/XYsOQR3Hys\ngtHzC04wTID6qwdO6uIyAB2VzMx/v2fr1xgj2+lk0bznJyt9JhKu9Xd2QNuLIzRd\nBWvKbprWoNO6UefdpZmACpPUFdqzBBeB4ZKrS3c5wqbS417uXqNPvjCovYR4XLPz\nlQTqqPMI16Yyh9oAEwZG2oJMAfRQ2oaKq/9JVh/n3GbBVn9jZWzXtyYgYfxCiAXz\nqKz3uQGZFjiwVtRxVAzi/D5cfp4eYgd86bw1gAIx95KEedYbV5A1kLyArglWSekZ\n5QG70ZoSEtanz59CFs73jJECHR7964jxWx9yFZga1FL7mhMU6W4DpPSIBlCJnYWb\nouSEvwKCAQA2zhz+fY5RI7EiMMlyguVrTm1+nSA1Uf4sWUnhUo+yjw5ZNb+GxObw\nzqPyJU6ejSJ9SFsTFYZtJLOw3WVkCeZSI1EM4q1a/GWeKklQ3L/8kJs3GznTKFaZ\nxoCebAzi7hc8oMTrHjbrxZfHo7BPAd4C+EAqTpiNx6TidLKChlaUJdW94pCsxsM/\nH2BbJ62NRBRNZYe2YIHJUxA8FDGaGS92Us8h0ZCNV8hyPAz3JZ/zsyUvNiXYb07u\n0cLISrYG9nONnH42ttZMHZNvWaO8BDhrnFxp22PTg0WtsREnJYrYkksLnX6QCYg4\n6643339d8pH1i9WxOYkKn/tGPPHGLSG1AoIBADfVTIXK8DEHe4pr/LLKV0uKtYWo\nQm3gEdPIOzoOVLY7361cdaXXuDoaYTiniqS0kGKJ/ApHKk+Yxflme58zPfWgL0s9\nsQaooDNsvPJUj+ybIJ3asEK/snBrw1en/keY00E3QL6t78szKaT1hcNIGePbFXcI\nacDXt6vBjf5KJR/6ya8/uw9hFlgHckvclp4Hmi6Ao07qSvmy3FDKjdlygGgIc4Ki\nb0JWbIIYZfxv7qoSX4ID/SRhb/CRX0CNb0N4e4SwcVrnC3Dwow3vnqB2uUx1cW9R\nEKekAQrUpjOL5i02axAuIPMeEAqZjVlhfQCuP5sKLyLADYuFYLVKe5dyO5o=\n-----END RSA PRIVATE KEY-----\n",
            "private_key_pem_pkcs8": "-----BEGIN PRIVATE KEY-----\nMIIJQgIBADANBgkqhkiG9w0BAQEFAASCCSwwggkoAgEAAoICAQCofsIHwxMsxMes\nX7L643n+Eyb6iwYLz5mdqahA2an5o1ZvW+7olSIBNEMkrsVF+A7tQKBVPXe/hE1V\nmyZU1GrW8/Rfqyhk0jKePs8HSnwqTv6IKu0vsHVWgXd905PpKin9c7zoL3aoo4Hj\n5PQR4q+iYktodtJtkWDadblnYRSup/6LTO4QLZie6nZBUqCeyFftJKEejBvWFNZy\no0/NQnNazHyEtKKaTHC+0DoRQA5Q+ZwVzyResqD5HVeQTDyANvJw/s8qjiqzL8M0\nv7k1bhZiE5oRGBWa5Xt8RkrgfXDpX0FHATmAUTLdbrFBVl6G7KmycYTjGQgMXfWw\nCgsOdv2VIeQbQKgd5LyUzm28h4u3GrrASD0QY/GoOWS0AgzQ8CWevDC7XVlqeruM\n+yOIig0aSSZyc9x4U1GqxT0pQcKtc7j5vt/AU6M8xheB9jxOfbmfLVEYbBXiK6N7\nZOTsGMQA7vItG57h8k0Gnhs/Jy5jZ/aBhfEdLNAn7PtVAcZEfrMgxhuEkTK2hBIt\nUXQAyT33ris15zMoJJZd37HM2BWs6ppXa3kPwchuVALSkVAyLXouEQCPuyU6y8Ys\nh0Dfq9tSZ/kR7BDuSxK38hLeBpSACoZaCxr7TSRP56tpIdLgcg7kRk4aaikdxoIY\nbSwsPPJCPGN9HVxzzFA4uVGuP4RNPwIDAQABAoICAHV1V+F9VcKhsugxFl3bcdFy\nnHuPqrlVEStdd9MtaVaDTN/4YIV2YOwh+KR7yT3LfOxbXunNHcs+eYKx03jTU19h\nVPvUHyaZeXvjIQNeI0yDIODfu9TA2CtjuV7XvYaPRBJROmFJpRhOU2AA3TwSoIk8\nqIC8RFjpPXFNG+A7RuWyarnE+TgB8SDnJWTIKvxFgTXpkP/wf/8vK4di3WCjcDLd\n1ffUzH1vyDDci342/0Pnna1+Z0Y0lA7VK5OF8a8Xns6ycsyhqpabNyNwe7YJdkUM\nkRxVg8olK34oqk3wZGPraWAMNH+FG0ZNwfdgNCkuleW1SQPfEUM9xOXhOm/s9zx7\ndyoU9jdjwOy2ahhNVctUN7cgvD9n7c302t8f9BJmgUrC936cFC4kz/wmQI8ThmxZ\nP9dKP/VDVc/1g+a8OPo8penX0CRcTDeFycXJDIKDsK9QfJUiMyAM1I9YP0C4W4nK\nz6ZI1kufge/r2ejElPaxVNi1PPnoodwNzoDd6h4HjCSk6wY6p/Hdj1Nk/JCD6v6Q\n85DaIcgHCNTPA3QZ+BxTYirNf0LCS+JPUpRjpoBa3iJIfRuOMVG1RCXnXsrUQDzM\n0Vjl0wXKVNymlhTI8Djx3QiDwI2JhpqH+2ifeiDzXhI7r1a9BOF0b0Qc09BNJ3l3\nE+YB2siDN6+QnEK+ZWZRAoIBAQDMVtGFX0xk+mKkfi3Xlm8hxSAfsYvEZILWB5oy\nKXsToITR1cW3rdHyLmy1lWyfIiId6YYehKKe6Tn4l3sHw4bEcAhOJVvo+mOJ1LvI\n4LZ5s4VRTIE46YTQ+R6ZSsoAt1mcMg+CcGp1PCc690m2CZK8Rc1A2FWByK1KmapA\neVL3vicxpBSYIp0/fZoXS+aCGpk5I16oP+73o6YmFPUw3jyzPRKBdiDdxEDmRZ+j\nY+ygtQVbNisWLNOjgWoKc3sp+kudrnNPZkDP8Gt1nbntPh/wSWUffFQFgS1OkHfy\nbo+gzRNbYc8YdvClVuu2LJ6wcA6+liEFcaCJobbL03arlSFbAoIBAQDTGA4IEpvD\nEM9bITM4M0Ywxn4wCOOlVqt21jEeLEeDZ3OovL4QKlV0T5J68OQHN9mFD3y79UAH\nY6jCZ6M4fEBlQEcEnWj/cIjkkg3rW8aLuM0YufoboEbOWesKWKsFvz8Yx7UxHFTT\nm7rPG+ihM12kGxGoJTxSwOTYI1drAGw+t1A0H1VQOrz4aU+dLm0YLDKD2044bJI1\nyRtx+fobRj21nm+82N9Cbl73v1ovnO0yrMQrUjWw99Ic7ZAuqeYtS1dABP4TySEK\nEEXD3TNvgHsChjybU8itEgcGlgwCcqWfg9aflMnA9eiJJ1x6b7eAkDHz9eDAVKZ3\nYwNjeCtB/QTtAoIBAQC2kd9z9diw5BHcfKyC0fMLTjBMgPqrB07q4jIAHZXMzH+/\nZ+vXGCPb6WTRvOcnK30mEq71d3ZA24sjNF0Fa8pumtag07pR592lmYAKk9QV2rME\nF4HhkqtLdznCptLjXu5eo0++MKi9hHhcs/OVBOqo8wjXpjKH2gATBkbagkwB9FDa\nhoqr/0lWH+fcZsFWf2NlbNe3JiBh/EKIBfOorPe5AZkWOLBW1HFUDOL8Plx+nh5i\nB3zpvDWAAjH3koR51htXkDWQvICuCVZJ6RnlAbvRmhIS1qfPn0IWzveMkQIdHv3r\niPFbH3IVmBrUUvuaExTpbgOk9IgGUImdhZui5IS/AoIBADbOHP59jlEjsSIwyXKC\n5WtObX6dIDVR/ixZSeFSj7KPDlk1v4bE5vDOo/IlTp6NIn1IWxMVhm0ks7DdZWQJ\n5lIjUQzirVr8ZZ4qSVDcv/yQmzcbOdMoVpnGgJ5sDOLuFzygxOseNuvFl8ejsE8B\n3gL4QCpOmI3HpOJ0soKGVpQl1b3ikKzGwz8fYFsnrY1EFE1lh7ZggclTEDwUMZoZ\nL3ZSzyHRkI1XyHI8DPcln/OzJS82JdhvTu7RwshKtgb2c42cfja21kwdk29Zo7wE\nOGucXGnbY9ODRa2xESclitiSSwudfpAJiDjrrjfff13ykfWL1bE5iQqf+0Y88cYt\nIbUCggEAN9VMhcrwMQd7imv8sspXS4q1hahCbeAR08g7Og5UtjvfrVx1pde4Ohph\nOKeKpLSQYon8CkcqT5jF+WZ7nzM99aAvSz2xBqigM2y88lSP7JsgndqwQr+ycGvD\nV6f+R5jTQTdAvq3vyzMppPWFw0gZ49sVdwhpwNe3q8GN/kolH/rJrz+7D2EWWAdy\nS9yWngeaLoCjTupK+bLcUMqN2XKAaAhzgqJvQlZsghhl/G/uqhJfggP9JGFv8JFf\nQI1vQ3h7hLBxWucLcPCjDe+eoHa5THVxb1EQp6QBCtSmM4vmLTZrEC4g8x4QCpmN\nWWF9AK4/mwovIsANi4VgtUp7l3I7mg==\n-----END PRIVATE KEY-----\n",
            "public_key_fingerprint_md5": "29:ef:57:64:22:55:e4:76:dc:7a:0e:ab:e0:00:7f:b6",
            "public_key_fingerprint_sha256": "SHA256:okbyH0TZNmv5/REeIGpq7I7O859yWtdWs5HHqGmWsQA",
            "public_key_openssh": "ssh-rsa AAAAB3NzaC1yc2EAAAADAQABAAACAQCofsIHwxMsxMesX7L643n+Eyb6iwYLz5mdqahA2an5o1ZvW+7olSIBNEMkrsVF+A7tQKBVPXe/hE1VmyZU1GrW8/Rfqyhk0jKePs8HSnwqTv6IKu0vsHVWgXd905PpKin9c7zoL3aoo4Hj5PQR4q+iYktodtJtkWDadblnYRSup/6LTO4QLZie6nZBUqCeyFftJKEejBvWFNZyo0/NQnNazHyEtKKaTHC+0DoRQA5Q+ZwVzyResqD5HVeQTDyANvJw/s8qjiqzL8M0v7k1bhZiE5oRGBWa5Xt8RkrgfXDpX0FHATmAUTLdbrFBVl6G7KmycYTjGQgMXfWwCgsOdv2VIeQbQKgd5LyUzm28h4u3GrrASD0QY/GoOWS0AgzQ8CWevDC7XVlqeruM+yOIig0aSSZyc9x4U1GqxT0pQcKtc7j5vt/AU6M8xheB9jxOfbmfLVEYbBXiK6N7ZOTsGMQA7vItG57h8k0Gnhs/Jy5jZ/aBhfEdLNAn7PtVAcZEfrMgxhuEkTK2hBItUXQAyT33ris15zMoJJZd37HM2BWs6ppXa3kPwchuVALSkVAyLXouEQCPuyU6y8Ysh0Dfq9tSZ/kR7BDuSxK38hLeBpSACoZaCxr7TSRP56tpIdLgcg7kRk4aaikdxoIYbSwsPPJCPGN9HVxzzFA4uVGuP4RNPw==\n",
            "public_key_pem": "-----BEGIN PUBLIC KEY-----\nMIICIjANBgkqhkiG9w0BAQEFAAOCAg8AMIICCgKCAgEAqH7CB8MTLMTHrF+y+uN5\n/hMm+osGC8+ZnamoQNmp+aNWb1vu6JUiATRDJK7FRfgO7UCgVT13v4RNVZsmVNRq\n1vP0X6soZNIynj7PB0p8Kk7+iCrtL7B1VoF3fdOT6Sop/XO86C92qKOB4+T0EeKv\nomJLaHbSbZFg2nW5Z2EUrqf+i0zuEC2Ynup2QVKgnshX7SShHowb1hTWcqNPzUJz\nWsx8hLSimkxwvtA6EUAOUPmcFc8kXrKg+R1XkEw8gDbycP7PKo4qsy/DNL+5NW4W\nYhOaERgVmuV7fEZK4H1w6V9BRwE5gFEy3W6xQVZehuypsnGE4xkIDF31sAoLDnb9\nlSHkG0CoHeS8lM5tvIeLtxq6wEg9EGPxqDlktAIM0PAlnrwwu11Zanq7jPsjiIoN\nGkkmcnPceFNRqsU9KUHCrXO4+b7fwFOjPMYXgfY8Tn25ny1RGGwV4iuje2Tk7BjE\nAO7yLRue4fJNBp4bPycuY2f2gYXxHSzQJ+z7VQHGRH6zIMYbhJEytoQSLVF0AMk9\n964rNeczKCSWXd+xzNgVrOqaV2t5D8HIblQC0pFQMi16LhEAj7slOsvGLIdA36vb\nUmf5EewQ7ksSt/IS3gaUgAqGWgsa+00kT+eraSHS4HIO5EZOGmopHcaCGG0sLDzy\nQjxjfR1cc8xQOLlRrj+ETT8CAwEAAQ==\n-----END PUBLIC KEY-----\n",
            "rsa_bits": 4096
          },
          "sensitive_attributes": []
        }
      ]
    },
    {
      "module": "module.bastion_instance",
      "mode": "managed",
      "type": "aws_eip",
      "name": "bastion_eip",
      "provider": "provider[\"registry.terraform.io/hashicorp/aws\"]",
      "instances": [
        {
          "schema_version": 0,
          "attributes": {
            "address": null,
            "allocation_id": "eipalloc-0ac44e930f88d9df5",
            "associate_with_private_ip": null,
            "association_id": "eipassoc-0591db5daa47fa68a",
            "carrier_ip": "",
            "customer_owned_ip": "",
            "customer_owned_ipv4_pool": "",
            "domain": "vpc",
            "id": "eipalloc-0ac44e930f88d9df5",
            "instance": "i-090488f9f09cce673",
            "network_border_group": "ap-south-1",
            "network_interface": "eni-0b50acfc03c301b8e",
            "private_dns": "ip-10-0-1-71.ap-south-1.compute.internal",
            "private_ip": "10.0.1.71",
            "public_dns": "ec2-13-235-234-236.ap-south-1.compute.amazonaws.com",
            "public_ip": "13.235.234.236",
            "public_ipv4_pool": "amazon",
            "tags": null,
            "tags_all": {},
            "timeouts": null,
            "vpc": true
          },
          "sensitive_attributes": [],
          "private": "eyJlMmJmYjczMC1lY2FhLTExZTYtOGY4OC0zNDM2M2JjN2M0YzAiOnsiZGVsZXRlIjoxODAwMDAwMDAwMDAsInJlYWQiOjkwMDAwMDAwMDAwMCwidXBkYXRlIjozMDAwMDAwMDAwMDB9fQ==",
          "dependencies": [
            "module.aws_key_pair.aws_key_pair.TF_key",
            "module.aws_key_pair.tls_private_key.rsa",
            "module.bastion_instance.aws_instance.bastion_instance",
            "module.bastion_instance.aws_security_group.bastion_sg",
            "module.my_vpc.aws_subnet.public",
            "module.my_vpc.aws_vpc.my_vpc"
          ]
        }
      ]
    },
    {
      "module": "module.bastion_instance",
      "mode": "managed",
      "type": "aws_instance",
      "name": "bastion_instance",
      "provider": "provider[\"registry.terraform.io/hashicorp/aws\"]",
      "instances": [
        {
          "schema_version": 1,
          "attributes": {
            "ami": "ami-0a5ac53f63249fba0",
            "arn": "arn:aws:ec2:ap-south-1:055953482837:instance/i-090488f9f09cce673",
            "associate_public_ip_address": false,
            "availability_zone": "ap-south-1a",
            "capacity_reservation_specification": [
              {
                "capacity_reservation_preference": "open",
                "capacity_reservation_target": []
              }
            ],
            "cpu_core_count": 1,
            "cpu_options": [
              {
                "amd_sev_snp": "",
                "core_count": 1,
                "threads_per_core": 1
              }
            ],
            "cpu_threads_per_core": 1,
            "credit_specification": [
              {
                "cpu_credits": "standard"
              }
            ],
            "disable_api_stop": false,
            "disable_api_termination": false,
            "ebs_block_device": [],
            "ebs_optimized": false,
            "enclave_options": [
              {
                "enabled": false
              }
            ],
            "ephemeral_block_device": [],
            "get_password_data": false,
            "hibernation": false,
            "host_id": "",
            "host_resource_group_arn": null,
            "iam_instance_profile": "",
            "id": "i-090488f9f09cce673",
            "instance_initiated_shutdown_behavior": "stop",
            "instance_state": "running",
            "instance_type": "t2.micro",
            "ipv6_address_count": 0,
            "ipv6_addresses": [],
            "key_name": "my-terraform-key",
            "launch_template": [],
            "maintenance_options": [
              {
                "auto_recovery": "default"
              }
            ],
            "metadata_options": [
              {
                "http_endpoint": "enabled",
                "http_put_response_hop_limit": 2,
                "http_tokens": "required",
                "instance_metadata_tags": "disabled"
              }
            ],
            "monitoring": false,
            "network_interface": [],
            "outpost_arn": "",
            "password_data": "",
            "placement_group": "",
            "placement_partition_number": 0,
            "primary_network_interface_id": "eni-0b50acfc03c301b8e",
            "private_dns": "ip-10-0-1-71.ap-south-1.compute.internal",
            "private_dns_name_options": [
              {
                "enable_resource_name_dns_a_record": false,
                "enable_resource_name_dns_aaaa_record": false,
                "hostname_type": "ip-name"
              }
            ],
            "private_ip": "10.0.1.71",
            "public_dns": "",
            "public_ip": "",
            "root_block_device": [
              {
                "delete_on_termination": true,
                "device_name": "/dev/xvda",
                "encrypted": false,
                "iops": 3000,
                "kms_key_id": "",
                "tags": {},
                "throughput": 125,
                "volume_id": "vol-0baf83f55408ddc32",
                "volume_size": 8,
                "volume_type": "gp3"
              }
            ],
            "secondary_private_ips": [],
            "security_groups": [],
            "source_dest_check": true,
            "subnet_id": "subnet-0914ba30cbfb35301",
            "tags": {
              "Name": "devopsofworld-dev-bastion-Host"
            },
            "tags_all": {
              "Name": "devopsofworld-dev-bastion-Host"
            },
            "tenancy": "default",
            "timeouts": null,
            "user_data": null,
            "user_data_base64": null,
            "user_data_replace_on_change": false,
            "volume_tags": null,
            "vpc_security_group_ids": [
              "sg-08081269fc7f13c56"
            ]
          },
          "sensitive_attributes": [],
          "private": "eyJlMmJmYjczMC1lY2FhLTExZTYtOGY4OC0zNDM2M2JjN2M0YzAiOnsiY3JlYXRlIjo2MDAwMDAwMDAwMDAsImRlbGV0ZSI6MTIwMDAwMDAwMDAwMCwidXBkYXRlIjo2MDAwMDAwMDAwMDB9LCJzY2hlbWFfdmVyc2lvbiI6IjEifQ==",
          "dependencies": [
            "module.aws_key_pair.aws_key_pair.TF_key",
            "module.aws_key_pair.tls_private_key.rsa",
            "module.bastion_instance.aws_security_group.bastion_sg",
            "module.my_vpc.aws_subnet.public",
            "module.my_vpc.aws_vpc.my_vpc"
          ]
        }
      ]
    },
    {
      "module": "module.bastion_instance",
      "mode": "managed",
      "type": "aws_security_group",
      "name": "bastion_sg",
      "provider": "provider[\"registry.terraform.io/hashicorp/aws\"]",
      "instances": [
        {
          "schema_version": 1,
          "attributes": {
            "arn": "arn:aws:ec2:ap-south-1:055953482837:security-group/sg-08081269fc7f13c56",
            "description": "Managed by Terraform",
            "egress": [
              {
                "cidr_blocks": [
                  "0.0.0.0/0"
                ],
                "description": "",
                "from_port": 0,
                "ipv6_cidr_blocks": [],
                "prefix_list_ids": [],
                "protocol": "-1",
                "security_groups": [],
                "self": false,
                "to_port": 0
              }
            ],
            "id": "sg-08081269fc7f13c56",
            "ingress": [
              {
                "cidr_blocks": [
                  "0.0.0.0/0"
                ],
                "description": "",
                "from_port": 22,
                "ipv6_cidr_blocks": [],
                "prefix_list_ids": [],
                "protocol": "tcp",
                "security_groups": [],
                "self": false,
                "to_port": 22
              }
            ],
            "name": "devopsofworld-dev-bastion-sg20231016065455648300000002",
            "name_prefix": "devopsofworld-dev-bastion-sg",
            "owner_id": "055953482837",
            "revoke_rules_on_delete": false,
            "tags": null,
            "tags_all": {},
            "timeouts": null,
            "vpc_id": "vpc-0243a4bded57e2b68"
          },
          "sensitive_attributes": [],
          "private": "eyJlMmJmYjczMC1lY2FhLTExZTYtOGY4OC0zNDM2M2JjN2M0YzAiOnsiY3JlYXRlIjo2MDAwMDAwMDAwMDAsImRlbGV0ZSI6OTAwMDAwMDAwMDAwfSwic2NoZW1hX3ZlcnNpb24iOiIxIn0=",
          "dependencies": [
            "module.my_vpc.aws_vpc.my_vpc"
          ]
        }
      ]
    },
    {
      "module": "module.eks_cluster",
      "mode": "managed",
      "type": "aws_eks_cluster",
      "name": "my_cluster",
      "provider": "provider[\"registry.terraform.io/hashicorp/aws\"]",
      "instances": [
        {
          "schema_version": 0,
          "attributes": {
            "arn": "arn:aws:eks:ap-south-1:055953482837:cluster/devopsofworld-dev-myeks",
            "certificate_authority": [
              {
                "data": "LS0tLS1CRUdJTiBDRVJUSUZJQ0FURS0tLS0tCk1JSURCVENDQWUyZ0F3SUJBZ0lJQVpCYkFHbW1xVGd3RFFZSktvWklodmNOQVFFTEJRQXdGVEVUTUJFR0ExVUUKQXhNS2EzVmlaWEp1WlhSbGN6QWVGdzB5TXpFd01UWXdOalUwTVRCYUZ3MHpNekV3TVRNd05qVTVNVEJhTUJVeApFekFSQmdOVkJBTVRDbXQxWW1WeWJtVjBaWE13Z2dFaU1BMEdDU3FHU0liM0RRRUJBUVVBQTRJQkR3QXdnZ0VLCkFvSUJBUUNhUmJsa1F4Y09KR1FGSE90Zmc1bWt3eWhaaklvSG1Gd3NDaklQL1V0SDRuOXF3VlFSa2J2WHZld1oKRzBYNTN5TUxkWk9tbmRWTHREaS9JTHFvV2Raa0RFTnRMWUVzTG8xeWRkV0RtZTFhaTF6SWJZcWZmOTdkcHNpSgpFenk4SnQ1V0czdUdzRlNxbS91d25hWDB6Z0lZMXBjYzVmYXE2YnBwb2s2UFdLU29mSGlocjR5UUFaTW5GY0xHCmg5bGpLY2JzcnVHM1RnOUYyY0twRlkxazJ1NDg1Zm9ORjM5TUswZjlGNExMdlNORVY4WGhmeTBLaUxWaGxlSkUKdUVyZEJveVNDbVV2OUdlRVZKOHQva0VBdlJGanFXaDY1b0JIWWV0eVZrZlV0Y2tJMnVMNEFrZ0V0U25maUMxbAowdUViZFVHOUJaWDlQWWYxeDR3dUJDM0JXVjREQWdNQkFBR2pXVEJYTUE0R0ExVWREd0VCL3dRRUF3SUNwREFQCkJnTlZIUk1CQWY4RUJUQURBUUgvTUIwR0ExVWREZ1FXQkJTTFd4dUdoQlJwL3RSUWkwSVFpaGdZanBuYWN6QVYKQmdOVkhSRUVEakFNZ2dwcmRXSmxjbTVsZEdWek1BMEdDU3FHU0liM0RRRUJDd1VBQTRJQkFRQVpnM3drOEdJNApoZ2JwdEs4KzlXS3g2VjBLRzAvb29Bbm5BcWttcE5MV0ZHWjJjQklzaEJVMVltTkdvNTNqT0laNE11dTArSWRhCmI2MkxXei84N1h4Uk1nRlIxTENmbVBIWkxJeW9zaTBURHhVRlBTN3pOMG9wMUhwNm9uc0Voa1c5QXRqSUpDVlYKVUFQTW9VeklQb3FaR0UzRHNzRkp6Q3pJbEhHUmlFVW43c1BPSFUvOStaZm96YTNMVWtYdk41UTNXNFMrbnRPdwo2b0JUdkhiam8zS0RQMndZZzZ2RkhmdjJvd3MzOEt0RU40Y1BOMnJVdjkzd3N6bjEvVWhGd2ZBUEFsZys1OVFICmFIRkd3SnN2eHZGNC9lbk1WemtvUHpZZ2gyKzU4MVNmVXJrQllZOU5wOXFud0kyMWJmWDhPanRqYXAxNGNCSFMKei9mWUpmT0dZVFc2Ci0tLS0tRU5EIENFUlRJRklDQVRFLS0tLS0K"
              }
            ],
            "cluster_id": null,
            "created_at": "2023-10-16 06:54:57.472 +0000 UTC",
            "enabled_cluster_log_types": null,
            "encryption_config": [],
            "endpoint": "https://8B288A8F578AFC8C8138B41BEB775781.gr7.ap-south-1.eks.amazonaws.com",
            "id": "devopsofworld-dev-myeks",
            "identity": [
              {
                "oidc": [
                  {
                    "issuer": "https://oidc.eks.ap-south-1.amazonaws.com/id/8B288A8F578AFC8C8138B41BEB775781"
                  }
                ]
              }
            ],
            "kubernetes_network_config": [
              {
                "ip_family": "ipv4",
                "service_ipv4_cidr": "172.20.0.0/16",
                "service_ipv6_cidr": ""
              }
            ],
            "name": "devopsofworld-dev-myeks",
            "outpost_config": [],
            "platform_version": "eks.6",
            "role_arn": "arn:aws:iam::055953482837:role/eks-cluster-role",
            "status": "ACTIVE",
            "tags": null,
            "tags_all": {},
            "timeouts": null,
            "version": "1.27",
            "vpc_config": [
              {
                "cluster_security_group_id": "sg-05ecb5395c412a860",
                "endpoint_private_access": false,
                "endpoint_public_access": true,
                "public_access_cidrs": [
                  "0.0.0.0/0"
                ],
                "security_group_ids": null,
                "subnet_ids": [
                  "subnet-029f0057c4a9ab588",
                  "subnet-035270162da28f1e3",
                  "subnet-0e1053f629c28e46d"
                ],
                "vpc_id": "vpc-0243a4bded57e2b68"
              }
            ]
          },
          "sensitive_attributes": [],
          "private": "eyJlMmJmYjczMC1lY2FhLTExZTYtOGY4OC0zNDM2M2JjN2M0YzAiOnsiY3JlYXRlIjoxODAwMDAwMDAwMDAwLCJkZWxldGUiOjkwMDAwMDAwMDAwMCwidXBkYXRlIjozNjAwMDAwMDAwMDAwfX0=",
          "dependencies": [
            "module.eks_cluster.aws_iam_role.eks_cluster_role",
            "module.my_vpc.aws_subnet.private",
            "module.my_vpc.aws_vpc.my_vpc"
          ]
        }
      ]
    },
    {
      "module": "module.eks_cluster",
      "mode": "managed",
      "type": "aws_eks_node_group",
      "name": "node_group",
      "provider": "provider[\"registry.terraform.io/hashicorp/aws\"]",
      "instances": [
        {
          "schema_version": 0,
          "attributes": {
            "ami_type": "AL2_x86_64",
            "arn": "arn:aws:eks:ap-south-1:055953482837:nodegroup/devopsofworld-dev-myeks/mynodegroup/dec59ba5-5cb5-3aad-8d62-98d48f53bd76",
            "capacity_type": "ON_DEMAND",
            "cluster_name": "devopsofworld-dev-myeks",
            "disk_size": 20,
            "force_update_version": null,
            "id": "devopsofworld-dev-myeks:mynodegroup",
            "instance_types": [
              "t3.medium"
            ],
            "labels": null,
            "launch_template": [],
            "node_group_name": "mynodegroup",
            "node_group_name_prefix": "",
            "node_role_arn": "arn:aws:iam::055953482837:role/devopsofworld-dev-eks-node-role",
            "release_version": "1.27.5-20231002",
            "remote_access": [],
            "resources": [
              {
                "autoscaling_groups": [
                  {
                    "name": "eks-mynodegroup-dec59ba5-5cb5-3aad-8d62-98d48f53bd76"
                  }
                ],
                "remote_access_security_group_id": ""
              }
            ],
            "scaling_config": [
              {
                "desired_size": 2,
                "max_size": 2,
                "min_size": 1
              }
            ],
            "status": "ACTIVE",
            "subnet_ids": [
              "subnet-029f0057c4a9ab588",
              "subnet-035270162da28f1e3",
              "subnet-0e1053f629c28e46d"
            ],
            "tags": null,
            "tags_all": {},
            "taint": [],
            "timeouts": null,
            "update_config": [
              {
                "max_unavailable": 1,
                "max_unavailable_percentage": 0
              }
            ],
            "version": "1.27"
          },
          "sensitive_attributes": [],
          "private": "eyJlMmJmYjczMC1lY2FhLTExZTYtOGY4OC0zNDM2M2JjN2M0YzAiOnsiY3JlYXRlIjozNjAwMDAwMDAwMDAwLCJkZWxldGUiOjM2MDAwMDAwMDAwMDAsInVwZGF0ZSI6MzYwMDAwMDAwMDAwMH19",
          "dependencies": [
            "module.eks_cluster.aws_eks_cluster.my_cluster",
            "module.eks_cluster.aws_iam_role.eks_cluster_role",
            "module.eks_cluster.aws_iam_role.eks_node_role",
            "module.my_vpc.aws_subnet.private",
            "module.my_vpc.aws_vpc.my_vpc"
          ]
        }
      ]
    },
    {
      "module": "module.eks_cluster",
      "mode": "managed",
      "type": "aws_iam_policy_attachment",
      "name": "ecr_readonly_policy",
      "provider": "provider[\"registry.terraform.io/hashicorp/aws\"]",
      "instances": [
        {
          "schema_version": 0,
          "attributes": {
            "groups": null,
            "id": "ecr_readonly_policy",
            "name": "ecr_readonly_policy",
            "policy_arn": "arn:aws:iam::aws:policy/AmazonEC2ContainerRegistryReadOnly",
            "roles": [
              "devopsofworld-dev-eks-node-role"
            ],
            "users": null
          },
          "sensitive_attributes": [],
          "private": "bnVsbA==",
          "dependencies": [
            "module.eks_cluster.aws_iam_role.eks_node_role"
          ]
        }
      ]
    },
    {
      "module": "module.eks_cluster",
      "mode": "managed",
      "type": "aws_iam_policy_attachment",
      "name": "eks_cluster_policy_attachment",
      "provider": "provider[\"registry.terraform.io/hashicorp/aws\"]",
      "instances": [
        {
          "schema_version": 0,
          "attributes": {
            "groups": null,
            "id": "eks_cluster_policy_attachment",
            "name": "eks_cluster_policy_attachment",
            "policy_arn": "arn:aws:iam::aws:policy/AmazonEKSClusterPolicy",
            "roles": [
              "eks-cluster-role"
            ],
            "users": null
          },
          "sensitive_attributes": [],
          "private": "bnVsbA==",
          "dependencies": [
            "module.eks_cluster.aws_iam_role.eks_cluster_role"
          ]
        }
      ]
    },
    {
      "module": "module.eks_cluster",
      "mode": "managed",
      "type": "aws_iam_policy_attachment",
      "name": "eks_cni_policy",
      "provider": "provider[\"registry.terraform.io/hashicorp/aws\"]",
      "instances": [
        {
          "schema_version": 0,
          "attributes": {
            "groups": null,
            "id": "eks_cni_policy",
            "name": "eks_cni_policy",
            "policy_arn": "arn:aws:iam::aws:policy/AmazonEKS_CNI_Policy",
            "roles": [
              "devopsofworld-dev-eks-node-role"
            ],
            "users": null
          },
          "sensitive_attributes": [],
          "private": "bnVsbA==",
          "dependencies": [
            "module.eks_cluster.aws_iam_role.eks_node_role"
          ]
        }
      ]
    },
    {
      "module": "module.eks_cluster",
      "mode": "managed",
      "type": "aws_iam_policy_attachment",
      "name": "eks_managed_policies",
      "provider": "provider[\"registry.terraform.io/hashicorp/aws\"]",
      "instances": [
        {
          "schema_version": 0,
          "attributes": {
            "groups": null,
            "id": "eks_managed_policies",
            "name": "eks_managed_policies",
            "policy_arn": "arn:aws:iam::aws:policy/AmazonEKSWorkerNodePolicy",
            "roles": [
              "devopsofworld-dev-eks-node-role"
            ],
            "users": null
          },
          "sensitive_attributes": [],
          "private": "bnVsbA==",
          "dependencies": [
            "module.eks_cluster.aws_iam_role.eks_node_role"
          ]
        }
      ]
    },
    {
      "module": "module.eks_cluster",
      "mode": "managed",
      "type": "aws_iam_role",
      "name": "eks_cluster_role",
      "provider": "provider[\"registry.terraform.io/hashicorp/aws\"]",
      "instances": [
        {
          "schema_version": 0,
          "attributes": {
            "arn": "arn:aws:iam::055953482837:role/eks-cluster-role",
            "assume_role_policy": "{\"Statement\":[{\"Action\":\"sts:AssumeRole\",\"Effect\":\"Allow\",\"Principal\":{\"Service\":\"eks.amazonaws.com\"}}],\"Version\":\"2012-10-17\"}",
            "create_date": "2023-10-16T06:54:54Z",
            "description": "",
            "force_detach_policies": false,
            "id": "eks-cluster-role",
            "inline_policy": [],
            "managed_policy_arns": [],
            "max_session_duration": 3600,
            "name": "eks-cluster-role",
            "name_prefix": "",
            "path": "/",
            "permissions_boundary": null,
            "role_last_used": [
              {
                "last_used_date": "",
                "region": ""
              }
            ],
            "tags": null,
            "tags_all": {},
            "unique_id": "AROAQ2BYWMRKWTHVOHXLP"
          },
          "sensitive_attributes": [],
          "private": "bnVsbA=="
        }
      ]
    },
    {
      "module": "module.eks_cluster",
      "mode": "managed",
      "type": "aws_iam_role",
      "name": "eks_node_role",
      "provider": "provider[\"registry.terraform.io/hashicorp/aws\"]",
      "instances": [
        {
          "schema_version": 0,
          "attributes": {
            "arn": "arn:aws:iam::055953482837:role/devopsofworld-dev-eks-node-role",
            "assume_role_policy": "{\"Statement\":[{\"Action\":\"sts:AssumeRole\",\"Effect\":\"Allow\",\"Principal\":{\"Service\":\"ec2.amazonaws.com\"}}],\"Version\":\"2012-10-17\"}",
            "create_date": "2023-10-16T06:54:54Z",
            "description": "",
            "force_detach_policies": false,
            "id": "devopsofworld-dev-eks-node-role",
            "inline_policy": [],
            "managed_policy_arns": [],
            "max_session_duration": 3600,
            "name": "devopsofworld-dev-eks-node-role",
            "name_prefix": "",
            "path": "/",
            "permissions_boundary": null,
            "role_last_used": [
              {
                "last_used_date": "",
                "region": ""
              }
            ],
            "tags": null,
            "tags_all": {},
            "unique_id": "AROAQ2BYWMRKSOBUF32JU"
          },
          "sensitive_attributes": [],
          "private": "bnVsbA=="
        }
      ]
    },
    {
      "module": "module.my_vpc",
      "mode": "managed",
      "type": "aws_eip",
      "name": "my_eip",
      "provider": "provider[\"registry.terraform.io/hashicorp/aws\"]",
      "instances": [
        {
          "schema_version": 0,
          "attributes": {
            "address": null,
            "allocation_id": "eipalloc-081170ce9e58e435a",
            "associate_with_private_ip": null,
            "association_id": "",
            "carrier_ip": "",
            "customer_owned_ip": "",
            "customer_owned_ipv4_pool": "",
            "domain": "vpc",
            "id": "eipalloc-081170ce9e58e435a",
            "instance": "",
            "network_border_group": "ap-south-1",
            "network_interface": "",
            "private_dns": null,
            "private_ip": "",
            "public_dns": "ec2-13-232-39-135.ap-south-1.compute.amazonaws.com",
            "public_ip": "13.232.39.135",
            "public_ipv4_pool": "amazon",
            "tags": null,
            "tags_all": {},
            "timeouts": null,
            "vpc": true
          },
          "sensitive_attributes": [],
          "private": "eyJlMmJmYjczMC1lY2FhLTExZTYtOGY4OC0zNDM2M2JjN2M0YzAiOnsiZGVsZXRlIjoxODAwMDAwMDAwMDAsInJlYWQiOjkwMDAwMDAwMDAwMCwidXBkYXRlIjozMDAwMDAwMDAwMDB9fQ=="
        }
      ]
    },
    {
      "module": "module.my_vpc",
      "mode": "managed",
      "type": "aws_internet_gateway",
      "name": "my_internet_gateway",
      "provider": "provider[\"registry.terraform.io/hashicorp/aws\"]",
      "instances": [
        {
          "schema_version": 0,
          "attributes": {
            "arn": "arn:aws:ec2:ap-south-1:055953482837:internet-gateway/igw-0ab3ef4b3189dccb4",
            "id": "igw-0ab3ef4b3189dccb4",
            "owner_id": "055953482837",
            "tags": {
              "Name": "devopsofworld-dev-Public-Internet-Gateway"
            },
            "tags_all": {
              "Name": "devopsofworld-dev-Public-Internet-Gateway"
            },
            "timeouts": null,
            "vpc_id": "vpc-0243a4bded57e2b68"
          },
          "sensitive_attributes": [],
          "private": "eyJlMmJmYjczMC1lY2FhLTExZTYtOGY4OC0zNDM2M2JjN2M0YzAiOnsiY3JlYXRlIjoxMjAwMDAwMDAwMDAwLCJkZWxldGUiOjEyMDAwMDAwMDAwMDAsInVwZGF0ZSI6MTIwMDAwMDAwMDAwMH19",
          "dependencies": [
            "module.my_vpc.aws_vpc.my_vpc"
          ]
        }
      ]
    },
    {
      "module": "module.my_vpc",
      "mode": "managed",
      "type": "aws_nat_gateway",
      "name": "my_nat_gateway",
      "provider": "provider[\"registry.terraform.io/hashicorp/aws\"]",
      "instances": [
        {
          "schema_version": 0,
          "attributes": {
            "allocation_id": "eipalloc-081170ce9e58e435a",
            "association_id": "eipassoc-07a7876fdf1899532",
            "connectivity_type": "public",
            "id": "nat-06c7fcef9236dbf62",
            "network_interface_id": "eni-05bfedc7152790b16",
            "private_ip": "10.0.1.70",
            "public_ip": "13.232.39.135",
            "subnet_id": "subnet-0914ba30cbfb35301",
            "tags": {
              "Name": "devopsofworld-dev-NAT-Gateway"
            },
            "tags_all": {
              "Name": "devopsofworld-dev-NAT-Gateway"
            }
          },
          "sensitive_attributes": [],
          "private": "bnVsbA==",
          "dependencies": [
            "module.my_vpc.aws_eip.my_eip",
            "module.my_vpc.aws_subnet.public",
            "module.my_vpc.aws_vpc.my_vpc"
          ]
        }
      ]
    },
    {
      "module": "module.my_vpc",
      "mode": "managed",
      "type": "aws_route",
      "name": "internet_gateway_association",
      "provider": "provider[\"registry.terraform.io/hashicorp/aws\"]",
      "instances": [
        {
          "schema_version": 0,
          "attributes": {
            "carrier_gateway_id": "",
            "core_network_arn": "",
            "destination_cidr_block": "0.0.0.0/0",
            "destination_ipv6_cidr_block": "",
            "destination_prefix_list_id": "",
            "egress_only_gateway_id": "",
            "gateway_id": "igw-0ab3ef4b3189dccb4",
            "id": "r-rtb-095e92ee7bee2f0db1080289494",
            "instance_id": "",
            "instance_owner_id": "",
            "local_gateway_id": "",
            "nat_gateway_id": "",
            "network_interface_id": "",
            "origin": "CreateRoute",
            "route_table_id": "rtb-095e92ee7bee2f0db",
            "state": "active",
            "timeouts": null,
            "transit_gateway_id": "",
            "vpc_endpoint_id": "",
            "vpc_peering_connection_id": ""
          },
          "sensitive_attributes": [],
          "private": "eyJlMmJmYjczMC1lY2FhLTExZTYtOGY4OC0zNDM2M2JjN2M0YzAiOnsiY3JlYXRlIjozMDAwMDAwMDAwMDAsImRlbGV0ZSI6MzAwMDAwMDAwMDAwLCJ1cGRhdGUiOjEyMDAwMDAwMDAwMH19",
          "dependencies": [
            "module.my_vpc.aws_internet_gateway.my_internet_gateway",
            "module.my_vpc.aws_vpc.my_vpc"
          ]
        }
      ]
    },
    {
      "module": "module.my_vpc",
      "mode": "managed",
      "type": "aws_route",
      "name": "private_route",
      "provider": "provider[\"registry.terraform.io/hashicorp/aws\"]",
      "instances": [
        {
          "schema_version": 0,
          "attributes": {
            "carrier_gateway_id": "",
            "core_network_arn": "",
            "destination_cidr_block": "0.0.0.0/0",
            "destination_ipv6_cidr_block": "",
            "destination_prefix_list_id": "",
            "egress_only_gateway_id": "",
            "gateway_id": "",
            "id": "r-rtb-0eca69af7e68224831080289494",
            "instance_id": "",
            "instance_owner_id": "",
            "local_gateway_id": "",
            "nat_gateway_id": "nat-06c7fcef9236dbf62",
            "network_interface_id": "",
            "origin": "CreateRoute",
            "route_table_id": "rtb-0eca69af7e6822483",
            "state": "active",
            "timeouts": null,
            "transit_gateway_id": "",
            "vpc_endpoint_id": "",
            "vpc_peering_connection_id": ""
          },
          "sensitive_attributes": [],
          "private": "eyJlMmJmYjczMC1lY2FhLTExZTYtOGY4OC0zNDM2M2JjN2M0YzAiOnsiY3JlYXRlIjozMDAwMDAwMDAwMDAsImRlbGV0ZSI6MzAwMDAwMDAwMDAwLCJ1cGRhdGUiOjEyMDAwMDAwMDAwMH19",
          "dependencies": [
            "module.my_vpc.aws_eip.my_eip",
            "module.my_vpc.aws_nat_gateway.my_nat_gateway",
            "module.my_vpc.aws_route_table.private_route_table",
            "module.my_vpc.aws_subnet.public",
            "module.my_vpc.aws_vpc.my_vpc"
          ]
        }
      ]
    },
    {
      "module": "module.my_vpc",
      "mode": "managed",
      "type": "aws_route_table",
      "name": "private_route_table",
      "provider": "provider[\"registry.terraform.io/hashicorp/aws\"]",
      "instances": [
        {
          "schema_version": 0,
          "attributes": {
            "arn": "arn:aws:ec2:ap-south-1:055953482837:route-table/rtb-0eca69af7e6822483",
            "id": "rtb-0eca69af7e6822483",
            "owner_id": "055953482837",
            "propagating_vgws": [],
            "route": [],
            "tags": {
              "Name": "devopsofworld-dev-Private-Route-Table"
            },
            "tags_all": {
              "Name": "devopsofworld-dev-Private-Route-Table"
            },
            "timeouts": null,
            "vpc_id": "vpc-0243a4bded57e2b68"
          },
          "sensitive_attributes": [],
          "private": "eyJlMmJmYjczMC1lY2FhLTExZTYtOGY4OC0zNDM2M2JjN2M0YzAiOnsiY3JlYXRlIjozMDAwMDAwMDAwMDAsImRlbGV0ZSI6MzAwMDAwMDAwMDAwLCJ1cGRhdGUiOjEyMDAwMDAwMDAwMH19",
          "dependencies": [
            "module.my_vpc.aws_vpc.my_vpc"
          ]
        }
      ]
    },
    {
      "module": "module.my_vpc",
      "mode": "managed",
      "type": "aws_route_table_association",
      "name": "private_association",
      "provider": "provider[\"registry.terraform.io/hashicorp/aws\"]",
      "instances": [
        {
          "index_key": 0,
          "schema_version": 0,
          "attributes": {
            "gateway_id": "",
            "id": "rtbassoc-0e4362ff4d6069f35",
            "route_table_id": "rtb-0eca69af7e6822483",
            "subnet_id": "subnet-029f0057c4a9ab588",
            "timeouts": null
          },
          "sensitive_attributes": [],
          "private": "eyJlMmJmYjczMC1lY2FhLTExZTYtOGY4OC0zNDM2M2JjN2M0YzAiOnsiY3JlYXRlIjozMDAwMDAwMDAwMDAsImRlbGV0ZSI6MzAwMDAwMDAwMDAwLCJ1cGRhdGUiOjEyMDAwMDAwMDAwMH19",
          "dependencies": [
            "module.my_vpc.aws_route_table.private_route_table",
            "module.my_vpc.aws_subnet.private",
            "module.my_vpc.aws_vpc.my_vpc"
          ]
        },
        {
          "index_key": 1,
          "schema_version": 0,
          "attributes": {
            "gateway_id": "",
            "id": "rtbassoc-051276749d3601eb9",
            "route_table_id": "rtb-0eca69af7e6822483",
            "subnet_id": "subnet-035270162da28f1e3",
            "timeouts": null
          },
          "sensitive_attributes": [],
          "private": "eyJlMmJmYjczMC1lY2FhLTExZTYtOGY4OC0zNDM2M2JjN2M0YzAiOnsiY3JlYXRlIjozMDAwMDAwMDAwMDAsImRlbGV0ZSI6MzAwMDAwMDAwMDAwLCJ1cGRhdGUiOjEyMDAwMDAwMDAwMH19",
          "dependencies": [
            "module.my_vpc.aws_route_table.private_route_table",
            "module.my_vpc.aws_subnet.private",
            "module.my_vpc.aws_vpc.my_vpc"
          ]
        },
        {
          "index_key": 2,
          "schema_version": 0,
          "attributes": {
            "gateway_id": "",
            "id": "rtbassoc-0f842ad438d4fa9bb",
            "route_table_id": "rtb-0eca69af7e6822483",
            "subnet_id": "subnet-0e1053f629c28e46d",
            "timeouts": null
          },
          "sensitive_attributes": [],
          "private": "eyJlMmJmYjczMC1lY2FhLTExZTYtOGY4OC0zNDM2M2JjN2M0YzAiOnsiY3JlYXRlIjozMDAwMDAwMDAwMDAsImRlbGV0ZSI6MzAwMDAwMDAwMDAwLCJ1cGRhdGUiOjEyMDAwMDAwMDAwMH19",
          "dependencies": [
            "module.my_vpc.aws_route_table.private_route_table",
            "module.my_vpc.aws_subnet.private",
            "module.my_vpc.aws_vpc.my_vpc"
          ]
        }
      ]
    },
    {
      "module": "module.my_vpc",
      "mode": "managed",
      "type": "aws_route_table_association",
      "name": "public_association",
      "provider": "provider[\"registry.terraform.io/hashicorp/aws\"]",
      "instances": [
        {
          "index_key": 0,
          "schema_version": 0,
          "attributes": {
            "gateway_id": "",
            "id": "rtbassoc-0cea216c803c78fb8",
            "route_table_id": "rtb-095e92ee7bee2f0db",
            "subnet_id": "subnet-0914ba30cbfb35301",
            "timeouts": null
          },
          "sensitive_attributes": [],
          "private": "eyJlMmJmYjczMC1lY2FhLTExZTYtOGY4OC0zNDM2M2JjN2M0YzAiOnsiY3JlYXRlIjozMDAwMDAwMDAwMDAsImRlbGV0ZSI6MzAwMDAwMDAwMDAwLCJ1cGRhdGUiOjEyMDAwMDAwMDAwMH19",
          "dependencies": [
            "module.my_vpc.aws_subnet.public",
            "module.my_vpc.aws_vpc.my_vpc"
          ]
        },
        {
          "index_key": 1,
          "schema_version": 0,
          "attributes": {
            "gateway_id": "",
            "id": "rtbassoc-05283f9658574af5e",
            "route_table_id": "rtb-095e92ee7bee2f0db",
            "subnet_id": "subnet-00dcecc9c4c451d12",
            "timeouts": null
          },
          "sensitive_attributes": [],
          "private": "eyJlMmJmYjczMC1lY2FhLTExZTYtOGY4OC0zNDM2M2JjN2M0YzAiOnsiY3JlYXRlIjozMDAwMDAwMDAwMDAsImRlbGV0ZSI6MzAwMDAwMDAwMDAwLCJ1cGRhdGUiOjEyMDAwMDAwMDAwMH19",
          "dependencies": [
            "module.my_vpc.aws_subnet.public",
            "module.my_vpc.aws_vpc.my_vpc"
          ]
        },
        {
          "index_key": 2,
          "schema_version": 0,
          "attributes": {
            "gateway_id": "",
            "id": "rtbassoc-0c1dfba322d97be46",
            "route_table_id": "rtb-095e92ee7bee2f0db",
            "subnet_id": "subnet-06e186cd0bbb01c1f",
            "timeouts": null
          },
          "sensitive_attributes": [],
          "private": "eyJlMmJmYjczMC1lY2FhLTExZTYtOGY4OC0zNDM2M2JjN2M0YzAiOnsiY3JlYXRlIjozMDAwMDAwMDAwMDAsImRlbGV0ZSI6MzAwMDAwMDAwMDAwLCJ1cGRhdGUiOjEyMDAwMDAwMDAwMH19",
          "dependencies": [
            "module.my_vpc.aws_subnet.public",
            "module.my_vpc.aws_vpc.my_vpc"
          ]
        }
      ]
    },
    {
      "module": "module.my_vpc",
      "mode": "managed",
      "type": "aws_subnet",
      "name": "private",
      "provider": "provider[\"registry.terraform.io/hashicorp/aws\"]",
      "instances": [
        {
          "index_key": 0,
          "schema_version": 1,
          "attributes": {
            "arn": "arn:aws:ec2:ap-south-1:055953482837:subnet/subnet-029f0057c4a9ab588",
            "assign_ipv6_address_on_creation": false,
            "availability_zone": "ap-south-1a",
            "availability_zone_id": "aps1-az1",
            "cidr_block": "10.0.4.0/24",
            "customer_owned_ipv4_pool": "",
            "enable_dns64": false,
            "enable_lni_at_device_index": 0,
            "enable_resource_name_dns_a_record_on_launch": false,
            "enable_resource_name_dns_aaaa_record_on_launch": false,
            "id": "subnet-029f0057c4a9ab588",
            "ipv6_cidr_block": "",
            "ipv6_cidr_block_association_id": "",
            "ipv6_native": false,
            "map_customer_owned_ip_on_launch": false,
            "map_public_ip_on_launch": false,
            "outpost_arn": "",
            "owner_id": "055953482837",
            "private_dns_hostname_type_on_launch": "ip-name",
            "tags": {
              "Name": "devopsofworld-dev-Private-Subnet-0"
            },
            "tags_all": {
              "Name": "devopsofworld-dev-Private-Subnet-0"
            },
            "timeouts": null,
            "vpc_id": "vpc-0243a4bded57e2b68"
          },
          "sensitive_attributes": [],
          "private": "eyJlMmJmYjczMC1lY2FhLTExZTYtOGY4OC0zNDM2M2JjN2M0YzAiOnsiY3JlYXRlIjo2MDAwMDAwMDAwMDAsImRlbGV0ZSI6MTIwMDAwMDAwMDAwMH0sInNjaGVtYV92ZXJzaW9uIjoiMSJ9",
          "dependencies": [
            "module.my_vpc.aws_vpc.my_vpc"
          ]
        },
        {
          "index_key": 1,
          "schema_version": 1,
          "attributes": {
            "arn": "arn:aws:ec2:ap-south-1:055953482837:subnet/subnet-035270162da28f1e3",
            "assign_ipv6_address_on_creation": false,
            "availability_zone": "ap-south-1b",
            "availability_zone_id": "aps1-az3",
            "cidr_block": "10.0.5.0/24",
            "customer_owned_ipv4_pool": "",
            "enable_dns64": false,
            "enable_lni_at_device_index": 0,
            "enable_resource_name_dns_a_record_on_launch": false,
            "enable_resource_name_dns_aaaa_record_on_launch": false,
            "id": "subnet-035270162da28f1e3",
            "ipv6_cidr_block": "",
            "ipv6_cidr_block_association_id": "",
            "ipv6_native": false,
            "map_customer_owned_ip_on_launch": false,
            "map_public_ip_on_launch": false,
            "outpost_arn": "",
            "owner_id": "055953482837",
            "private_dns_hostname_type_on_launch": "ip-name",
            "tags": {
              "Name": "devopsofworld-dev-Private-Subnet-1"
            },
            "tags_all": {
              "Name": "devopsofworld-dev-Private-Subnet-1"
            },
            "timeouts": null,
            "vpc_id": "vpc-0243a4bded57e2b68"
          },
          "sensitive_attributes": [],
          "private": "eyJlMmJmYjczMC1lY2FhLTExZTYtOGY4OC0zNDM2M2JjN2M0YzAiOnsiY3JlYXRlIjo2MDAwMDAwMDAwMDAsImRlbGV0ZSI6MTIwMDAwMDAwMDAwMH0sInNjaGVtYV92ZXJzaW9uIjoiMSJ9",
          "dependencies": [
            "module.my_vpc.aws_vpc.my_vpc"
          ]
        },
        {
          "index_key": 2,
          "schema_version": 1,
          "attributes": {
            "arn": "arn:aws:ec2:ap-south-1:055953482837:subnet/subnet-0e1053f629c28e46d",
            "assign_ipv6_address_on_creation": false,
            "availability_zone": "ap-south-1c",
            "availability_zone_id": "aps1-az2",
            "cidr_block": "10.0.6.0/24",
            "customer_owned_ipv4_pool": "",
            "enable_dns64": false,
            "enable_lni_at_device_index": 0,
            "enable_resource_name_dns_a_record_on_launch": false,
            "enable_resource_name_dns_aaaa_record_on_launch": false,
            "id": "subnet-0e1053f629c28e46d",
            "ipv6_cidr_block": "",
            "ipv6_cidr_block_association_id": "",
            "ipv6_native": false,
            "map_customer_owned_ip_on_launch": false,
            "map_public_ip_on_launch": false,
            "outpost_arn": "",
            "owner_id": "055953482837",
            "private_dns_hostname_type_on_launch": "ip-name",
            "tags": {
              "Name": "devopsofworld-dev-Private-Subnet-2"
            },
            "tags_all": {
              "Name": "devopsofworld-dev-Private-Subnet-2"
            },
            "timeouts": null,
            "vpc_id": "vpc-0243a4bded57e2b68"
          },
          "sensitive_attributes": [],
          "private": "eyJlMmJmYjczMC1lY2FhLTExZTYtOGY4OC0zNDM2M2JjN2M0YzAiOnsiY3JlYXRlIjo2MDAwMDAwMDAwMDAsImRlbGV0ZSI6MTIwMDAwMDAwMDAwMH0sInNjaGVtYV92ZXJzaW9uIjoiMSJ9",
          "dependencies": [
            "module.my_vpc.aws_vpc.my_vpc"
          ]
        }
      ]
    },
    {
      "module": "module.my_vpc",
      "mode": "managed",
      "type": "aws_subnet",
      "name": "public",
      "provider": "provider[\"registry.terraform.io/hashicorp/aws\"]",
      "instances": [
        {
          "index_key": 0,
          "schema_version": 1,
          "attributes": {
            "arn": "arn:aws:ec2:ap-south-1:055953482837:subnet/subnet-0914ba30cbfb35301",
            "assign_ipv6_address_on_creation": false,
            "availability_zone": "ap-south-1a",
            "availability_zone_id": "aps1-az1",
            "cidr_block": "10.0.1.0/24",
            "customer_owned_ipv4_pool": "",
            "enable_dns64": false,
            "enable_lni_at_device_index": 0,
            "enable_resource_name_dns_a_record_on_launch": false,
            "enable_resource_name_dns_aaaa_record_on_launch": false,
            "id": "subnet-0914ba30cbfb35301",
            "ipv6_cidr_block": "",
            "ipv6_cidr_block_association_id": "",
            "ipv6_native": false,
            "map_customer_owned_ip_on_launch": false,
            "map_public_ip_on_launch": false,
            "outpost_arn": "",
            "owner_id": "055953482837",
            "private_dns_hostname_type_on_launch": "ip-name",
            "tags": {
              "Name": "devopsofworld-dev-Public-Subnet-0"
            },
            "tags_all": {
              "Name": "devopsofworld-dev-Public-Subnet-0"
            },
            "timeouts": null,
            "vpc_id": "vpc-0243a4bded57e2b68"
          },
          "sensitive_attributes": [],
          "private": "eyJlMmJmYjczMC1lY2FhLTExZTYtOGY4OC0zNDM2M2JjN2M0YzAiOnsiY3JlYXRlIjo2MDAwMDAwMDAwMDAsImRlbGV0ZSI6MTIwMDAwMDAwMDAwMH0sInNjaGVtYV92ZXJzaW9uIjoiMSJ9",
          "dependencies": [
            "module.my_vpc.aws_vpc.my_vpc"
          ]
        },
        {
          "index_key": 1,
          "schema_version": 1,
          "attributes": {
            "arn": "arn:aws:ec2:ap-south-1:055953482837:subnet/subnet-00dcecc9c4c451d12",
            "assign_ipv6_address_on_creation": false,
            "availability_zone": "ap-south-1b",
            "availability_zone_id": "aps1-az3",
            "cidr_block": "10.0.2.0/24",
            "customer_owned_ipv4_pool": "",
            "enable_dns64": false,
            "enable_lni_at_device_index": 0,
            "enable_resource_name_dns_a_record_on_launch": false,
            "enable_resource_name_dns_aaaa_record_on_launch": false,
            "id": "subnet-00dcecc9c4c451d12",
            "ipv6_cidr_block": "",
            "ipv6_cidr_block_association_id": "",
            "ipv6_native": false,
            "map_customer_owned_ip_on_launch": false,
            "map_public_ip_on_launch": false,
            "outpost_arn": "",
            "owner_id": "055953482837",
            "private_dns_hostname_type_on_launch": "ip-name",
            "tags": {
              "Name": "devopsofworld-dev-Public-Subnet-1"
            },
            "tags_all": {
              "Name": "devopsofworld-dev-Public-Subnet-1"
            },
            "timeouts": null,
            "vpc_id": "vpc-0243a4bded57e2b68"
          },
          "sensitive_attributes": [],
          "private": "eyJlMmJmYjczMC1lY2FhLTExZTYtOGY4OC0zNDM2M2JjN2M0YzAiOnsiY3JlYXRlIjo2MDAwMDAwMDAwMDAsImRlbGV0ZSI6MTIwMDAwMDAwMDAwMH0sInNjaGVtYV92ZXJzaW9uIjoiMSJ9",
          "dependencies": [
            "module.my_vpc.aws_vpc.my_vpc"
          ]
        },
        {
          "index_key": 2,
          "schema_version": 1,
          "attributes": {
            "arn": "arn:aws:ec2:ap-south-1:055953482837:subnet/subnet-06e186cd0bbb01c1f",
            "assign_ipv6_address_on_creation": false,
            "availability_zone": "ap-south-1c",
            "availability_zone_id": "aps1-az2",
            "cidr_block": "10.0.3.0/24",
            "customer_owned_ipv4_pool": "",
            "enable_dns64": false,
            "enable_lni_at_device_index": 0,
            "enable_resource_name_dns_a_record_on_launch": false,
            "enable_resource_name_dns_aaaa_record_on_launch": false,
            "id": "subnet-06e186cd0bbb01c1f",
            "ipv6_cidr_block": "",
            "ipv6_cidr_block_association_id": "",
            "ipv6_native": false,
            "map_customer_owned_ip_on_launch": false,
            "map_public_ip_on_launch": false,
            "outpost_arn": "",
            "owner_id": "055953482837",
            "private_dns_hostname_type_on_launch": "ip-name",
            "tags": {
              "Name": "devopsofworld-dev-Public-Subnet-2"
            },
            "tags_all": {
              "Name": "devopsofworld-dev-Public-Subnet-2"
            },
            "timeouts": null,
            "vpc_id": "vpc-0243a4bded57e2b68"
          },
          "sensitive_attributes": [],
          "private": "eyJlMmJmYjczMC1lY2FhLTExZTYtOGY4OC0zNDM2M2JjN2M0YzAiOnsiY3JlYXRlIjo2MDAwMDAwMDAwMDAsImRlbGV0ZSI6MTIwMDAwMDAwMDAwMH0sInNjaGVtYV92ZXJzaW9uIjoiMSJ9",
          "dependencies": [
            "module.my_vpc.aws_vpc.my_vpc"
          ]
        }
      ]
    },
    {
      "module": "module.my_vpc",
      "mode": "managed",
      "type": "aws_vpc",
      "name": "my_vpc",
      "provider": "provider[\"registry.terraform.io/hashicorp/aws\"]",
      "instances": [
        {
          "schema_version": 1,
          "attributes": {
            "arn": "arn:aws:ec2:ap-south-1:055953482837:vpc/vpc-0243a4bded57e2b68",
            "assign_generated_ipv6_cidr_block": false,
            "cidr_block": "10.0.0.0/16",
            "default_network_acl_id": "acl-0798032b84cbdb6bc",
            "default_route_table_id": "rtb-095e92ee7bee2f0db",
            "default_security_group_id": "sg-05c6deec0de6b86c2",
            "dhcp_options_id": "dopt-0954e827e77470a49",
            "enable_classiclink": false,
            "enable_classiclink_dns_support": false,
            "enable_dns_hostnames": false,
            "enable_dns_support": true,
            "enable_network_address_usage_metrics": false,
            "id": "vpc-0243a4bded57e2b68",
            "instance_tenancy": "default",
            "ipv4_ipam_pool_id": null,
            "ipv4_netmask_length": null,
            "ipv6_association_id": "",
            "ipv6_cidr_block": "",
            "ipv6_cidr_block_network_border_group": "",
            "ipv6_ipam_pool_id": "",
            "ipv6_netmask_length": 0,
            "main_route_table_id": "rtb-095e92ee7bee2f0db",
            "owner_id": "055953482837",
            "tags": {
              "Name": "devopsofworld-dev-vpc"
            },
            "tags_all": {
              "Name": "devopsofworld-dev-vpc"
            }
          },
          "sensitive_attributes": [],
          "private": "eyJzY2hlbWFfdmVyc2lvbiI6IjEifQ=="
        }
      ]
    },
    {
      "module": "module.private_instance",
      "mode": "managed",
      "type": "aws_instance",
      "name": "private_instance",
      "provider": "provider[\"registry.terraform.io/hashicorp/aws\"]",
      "instances": [
        {
          "schema_version": 1,
          "attributes": {
            "ami": "ami-0a5ac53f63249fba0",
            "arn": "arn:aws:ec2:ap-south-1:055953482837:instance/i-043bda7ea24aadc79",
            "associate_public_ip_address": false,
            "availability_zone": "ap-south-1a",
            "capacity_reservation_specification": [
              {
                "capacity_reservation_preference": "open",
                "capacity_reservation_target": []
              }
            ],
            "cpu_core_count": 1,
            "cpu_options": [
              {
                "amd_sev_snp": "",
                "core_count": 1,
                "threads_per_core": 1
              }
            ],
            "cpu_threads_per_core": 1,
            "credit_specification": [
              {
                "cpu_credits": "standard"
              }
            ],
            "disable_api_stop": false,
            "disable_api_termination": false,
            "ebs_block_device": [],
            "ebs_optimized": false,
            "enclave_options": [
              {
                "enabled": false
              }
            ],
            "ephemeral_block_device": [],
            "get_password_data": false,
            "hibernation": false,
            "host_id": "",
            "host_resource_group_arn": null,
            "iam_instance_profile": "",
            "id": "i-043bda7ea24aadc79",
            "instance_initiated_shutdown_behavior": "stop",
            "instance_state": "running",
            "instance_type": "t2.micro",
            "ipv6_address_count": 0,
            "ipv6_addresses": [],
            "key_name": "my-terraform-key",
            "launch_template": [],
            "maintenance_options": [
              {
                "auto_recovery": "default"
              }
            ],
            "metadata_options": [
              {
                "http_endpoint": "enabled",
                "http_put_response_hop_limit": 2,
                "http_tokens": "required",
                "instance_metadata_tags": "disabled"
              }
            ],
            "monitoring": false,
            "network_interface": [],
            "outpost_arn": "",
            "password_data": "",
            "placement_group": "",
            "placement_partition_number": 0,
            "primary_network_interface_id": "eni-0ebbb8064b5163381",
            "private_dns": "ip-10-0-4-108.ap-south-1.compute.internal",
            "private_dns_name_options": [
              {
                "enable_resource_name_dns_a_record": false,
                "enable_resource_name_dns_aaaa_record": false,
                "hostname_type": "ip-name"
              }
            ],
            "private_ip": "10.0.4.108",
            "public_dns": "",
            "public_ip": "",
            "root_block_device": [
              {
                "delete_on_termination": true,
                "device_name": "/dev/xvda",
                "encrypted": false,
                "iops": 3000,
                "kms_key_id": "",
                "tags": {},
                "throughput": 125,
                "volume_id": "vol-0c8edb01f87b1fdfc",
                "volume_size": 8,
                "volume_type": "gp3"
              }
            ],
            "secondary_private_ips": [],
            "security_groups": [],
            "source_dest_check": true,
            "subnet_id": "subnet-029f0057c4a9ab588",
            "tags": {
              "Name": "devopsofworld-dev-private-instace"
            },
            "tags_all": {
              "Name": "devopsofworld-dev-private-instace"
            },
            "tenancy": "default",
            "timeouts": null,
            "user_data": null,
            "user_data_base64": null,
            "user_data_replace_on_change": false,
            "volume_tags": null,
            "vpc_security_group_ids": [
              "sg-0c0a1089e500b39d6"
            ]
          },
          "sensitive_attributes": [],
          "private": "eyJlMmJmYjczMC1lY2FhLTExZTYtOGY4OC0zNDM2M2JjN2M0YzAiOnsiY3JlYXRlIjo2MDAwMDAwMDAwMDAsImRlbGV0ZSI6MTIwMDAwMDAwMDAwMCwidXBkYXRlIjo2MDAwMDAwMDAwMDB9LCJzY2hlbWFfdmVyc2lvbiI6IjEifQ==",
          "dependencies": [
            "module.aws_key_pair.aws_key_pair.TF_key",
            "module.aws_key_pair.tls_private_key.rsa",
            "module.my_vpc.aws_subnet.private",
            "module.my_vpc.aws_vpc.my_vpc",
            "module.private_instance.aws_security_group.private_instance_sg"
          ]
        }
      ]
    },
    {
      "module": "module.private_instance",
      "mode": "managed",
      "type": "aws_security_group",
      "name": "private_instance_sg",
      "provider": "provider[\"registry.terraform.io/hashicorp/aws\"]",
      "instances": [
        {
          "schema_version": 1,
          "attributes": {
            "arn": "arn:aws:ec2:ap-south-1:055953482837:security-group/sg-0c0a1089e500b39d6",
            "description": "Managed by Terraform",
            "egress": [
              {
                "cidr_blocks": [
                  "0.0.0.0/0"
                ],
                "description": "",
                "from_port": 0,
                "ipv6_cidr_blocks": [],
                "prefix_list_ids": [],
                "protocol": "-1",
                "security_groups": [],
                "self": false,
                "to_port": 0
              }
            ],
            "id": "sg-0c0a1089e500b39d6",
            "ingress": [
              {
                "cidr_blocks": [
                  "0.0.0.0/0"
                ],
                "description": "",
                "from_port": 22,
                "ipv6_cidr_blocks": [],
                "prefix_list_ids": [],
                "protocol": "tcp",
                "security_groups": [],
                "self": false,
                "to_port": 22
              }
            ],
            "name": "devopsofworld-dev-private-instance20231016065455632400000001",
            "name_prefix": "devopsofworld-dev-private-instance",
            "owner_id": "055953482837",
            "revoke_rules_on_delete": false,
            "tags": null,
            "tags_all": {},
            "timeouts": null,
            "vpc_id": "vpc-0243a4bded57e2b68"
          },
          "sensitive_attributes": [],
          "private": "eyJlMmJmYjczMC1lY2FhLTExZTYtOGY4OC0zNDM2M2JjN2M0YzAiOnsiY3JlYXRlIjo2MDAwMDAwMDAwMDAsImRlbGV0ZSI6OTAwMDAwMDAwMDAwfSwic2NoZW1hX3ZlcnNpb24iOiIxIn0=",
          "dependencies": [
            "module.my_vpc.aws_vpc.my_vpc"
          ]
        }
      ]
    }
  ],
  "check_results": null
}
